
Microsoft Visual Studio Solution File, Format Version 12.00
# Visual Studio Version 17
VisualStudioVersion = 17.10.34928.147
MinimumVisualStudioVersion = 10.0.40219.1
Project("{FAE04EC0-301F-11D3-BF4B-00C04F79EFBC}") = "GastroManagerBE", "GastroManagerBE\GastroManagerBE.csproj", "{257E6B00-4546-4B06-862E-7EA89C7C964B}"
EndProject
Global
	GlobalSection(SolutionConfigurationPlatforms) = preSolution
		Debug|Any CPU = Debug|Any CPU
		Release|Any CPU = Release|Any CPU
	EndGlobalSection
	GlobalSection(ProjectConfigurationPlatforms) = postSolution
		{257E6B00-4546-4B06-862E-7EA89C7C964B}.Debug|Any CPU.ActiveCfg = Debug|Any CPU
		{257E6B00-4546-4B06-862E-7EA89C7C964B}.Debug|Any CPU.Build.0 = Debug|Any CPU
		{257E6B00-4546-4B06-862E-7EA89C7C964B}.Release|Any CPU.ActiveCfg = Release|Any CPU
		{257E6B00-4546-4B06-862E-7EA89C7C964B}.Release|Any CPU.Build.0 = Release|Any CPU
	EndGlobalSection
	GlobalSection(SolutionProperties) = preSolution
		HideSolutionNode = FALSE
	EndGlobalSection
	GlobalSection(ExtensibilityGlobals) = postSolution
		SolutionGuid = {C09DA556-7328-4D80-B994-21B807F7B8EA}
	EndGlobalSection
EndGlobal
